
Microsoft Visual Studio Solution File, Format Version 12.00
# Visual Studio Version 17
VisualStudioVersion = 17.7.34031.279
MinimumVisualStudioVersion = 10.0.40219.1
Project("{FAE04EC0-301F-11D3-BF4B-00C04F79EFBC}") = "todolist_project", "todolist_project\todolist_project.csproj", "{B438AA69-9C3D-4BCC-B2D0-25D0CCB44816}"
EndProject
Global
	GlobalSection(SolutionConfigurationPlatforms) = preSolution
		Debug|Any CPU = Debug|Any CPU
		Release|Any CPU = Release|Any CPU
	EndGlobalSection
	GlobalSection(ProjectConfigurationPlatforms) = postSolution
		{B438AA69-9C3D-4BCC-B2D0-25D0CCB44816}.Debug|Any CPU.ActiveCfg = Debug|Any CPU
		{B438AA69-9C3D-4BCC-B2D0-25D0CCB44816}.Debug|Any CPU.Build.0 = Debug|Any CPU
		{B438AA69-9C3D-4BCC-B2D0-25D0CCB44816}.Release|Any CPU.ActiveCfg = Release|Any CPU
		{B438AA69-9C3D-4BCC-B2D0-25D0CCB44816}.Release|Any CPU.Build.0 = Release|Any CPU
	EndGlobalSection
	GlobalSection(SolutionProperties) = preSolution
		HideSolutionNode = FALSE
	EndGlobalSection
	GlobalSection(ExtensibilityGlobals) = postSolution
		SolutionGuid = {A637A854-A454-48CC-BCE3-81B1FB9F6FD9}
	EndGlobalSection
EndGlobal
